
Microsoft Visual Studio Solution File, Format Version 12.00
# Visual Studio Version 17
VisualStudioVersion = 17.5.33530.505
MinimumVisualStudioVersion = 10.0.40219.1
Project("{FAE04EC0-301F-11D3-BF4B-00C04F79EFBC}") = "Akelon", "Akelon\Akelon.csproj", "{211FFF9A-8877-4776-8026-1FF8374D4A54}"
EndProject
Global
	GlobalSection(SolutionConfigurationPlatforms) = preSolution
		Debug|Any CPU = Debug|Any CPU
		Release|Any CPU = Release|Any CPU
	EndGlobalSection
	GlobalSection(ProjectConfigurationPlatforms) = postSolution
		{211FFF9A-8877-4776-8026-1FF8374D4A54}.Debug|Any CPU.ActiveCfg = Debug|Any CPU
		{211FFF9A-8877-4776-8026-1FF8374D4A54}.Debug|Any CPU.Build.0 = Debug|Any CPU
		{211FFF9A-8877-4776-8026-1FF8374D4A54}.Release|Any CPU.ActiveCfg = Release|Any CPU
		{211FFF9A-8877-4776-8026-1FF8374D4A54}.Release|Any CPU.Build.0 = Release|Any CPU
	EndGlobalSection
	GlobalSection(SolutionProperties) = preSolution
		HideSolutionNode = FALSE
	EndGlobalSection
	GlobalSection(ExtensibilityGlobals) = postSolution
		SolutionGuid = {31037822-8150-4900-867C-83636952A24A}
	EndGlobalSection
EndGlobal
